
Microsoft Visual Studio Solution File, Format Version 12.00
# Visual Studio Version 17
VisualStudioVersion = 17.7.34031.279
MinimumVisualStudioVersion = 10.0.40219.1
Project("{FAE04EC0-301F-11D3-BF4B-00C04F79EFBC}") = "Employee_management_system", "Employee_management_system\Employee_management_system.csproj", "{56166BCC-1D11-49AD-BFCC-F7016FDDCA60}"
EndProject
Global
	GlobalSection(SolutionConfigurationPlatforms) = preSolution
		Debug|Any CPU = Debug|Any CPU
		Release|Any CPU = Release|Any CPU
	EndGlobalSection
	GlobalSection(ProjectConfigurationPlatforms) = postSolution
		{56166BCC-1D11-49AD-BFCC-F7016FDDCA60}.Debug|Any CPU.ActiveCfg = Debug|Any CPU
		{56166BCC-1D11-49AD-BFCC-F7016FDDCA60}.Debug|Any CPU.Build.0 = Debug|Any CPU
		{56166BCC-1D11-49AD-BFCC-F7016FDDCA60}.Release|Any CPU.ActiveCfg = Release|Any CPU
		{56166BCC-1D11-49AD-BFCC-F7016FDDCA60}.Release|Any CPU.Build.0 = Release|Any CPU
	EndGlobalSection
	GlobalSection(SolutionProperties) = preSolution
		HideSolutionNode = FALSE
	EndGlobalSection
	GlobalSection(ExtensibilityGlobals) = postSolution
		SolutionGuid = {092C2B29-B4F8-440A-A1FF-90425C3986B3}
	EndGlobalSection
EndGlobal
